
Microsoft Visual Studio Solution File, Format Version 12.00
# Visual Studio Version 17
VisualStudioVersion = 17.11.35303.130
MinimumVisualStudioVersion = 10.0.40219.1
Project("{FAE04EC0-301F-11D3-BF4B-00C04F79EFBC}") = "HomeWork9", "HomeWork9.csproj", "{FFB68B01-8AB6-4D55-B802-D18325B06B81}"
EndProject
Global
	GlobalSection(SolutionConfigurationPlatforms) = preSolution
		Debug|Any CPU = Debug|Any CPU
		Release|Any CPU = Release|Any CPU
	EndGlobalSection
	GlobalSection(ProjectConfigurationPlatforms) = postSolution
		{FFB68B01-8AB6-4D55-B802-D18325B06B81}.Debug|Any CPU.ActiveCfg = Debug|Any CPU
		{FFB68B01-8AB6-4D55-B802-D18325B06B81}.Debug|Any CPU.Build.0 = Debug|Any CPU
		{FFB68B01-8AB6-4D55-B802-D18325B06B81}.Release|Any CPU.ActiveCfg = Release|Any CPU
		{FFB68B01-8AB6-4D55-B802-D18325B06B81}.Release|Any CPU.Build.0 = Release|Any CPU
	EndGlobalSection
	GlobalSection(SolutionProperties) = preSolution
		HideSolutionNode = FALSE
	EndGlobalSection
	GlobalSection(ExtensibilityGlobals) = postSolution
		SolutionGuid = {3E02D726-0858-4533-B607-3092FF69FF31}
	EndGlobalSection
EndGlobal
